{
  "lockfileVersion": 1,
  "workspaces": {
    "": {
      "devDependencies": {
        "prettier": "^3.7.4",
        "prettier-plugin-jinja-template": "^2.1.0",
      },
    },
  },
  "packages": {
    "prettier": ["prettier@3.7.4", "", { "bin": "bin/prettier.cjs" }, "sha512-v6UNi1+3hSlVvv8fSaoUbggEM5VErKmmpGA7Pl3HF8V6uKY7rvClBOJlH6yNwQtfTueNkGVpOv/mtWL9L4bgRA=="],

    "prettier-plugin-jinja-template": ["prettier-plugin-jinja-template@2.1.0", "", { "peerDependencies": { "prettier": "^3.0.0" } }, "sha512-mzoCp2Oy9BDSug80fw3B3J4n4KQj1hRvoQOL1akqcDKBb5nvYxrik9zUEDs4AEJ6nK7QDTGoH0y9rx7AlnQ78Q=="],
  }
}
